
Microsoft Visual Studio Solution File, Format Version 12.00
# Visual Studio Version 17
VisualStudioVersion = 17.7.34031.279
MinimumVisualStudioVersion = 10.0.40219.1
Project("{FAE04EC0-301F-11D3-BF4B-00C04F79EFBC}") = "avto2", "avto2\avto2.csproj", "{F4C9D04B-EC05-4A1B-9225-47F85DC707B8}"
EndProject
Global
	GlobalSection(SolutionConfigurationPlatforms) = preSolution
		Debug|Any CPU = Debug|Any CPU
		Release|Any CPU = Release|Any CPU
	EndGlobalSection
	GlobalSection(ProjectConfigurationPlatforms) = postSolution
		{F4C9D04B-EC05-4A1B-9225-47F85DC707B8}.Debug|Any CPU.ActiveCfg = Debug|Any CPU
		{F4C9D04B-EC05-4A1B-9225-47F85DC707B8}.Debug|Any CPU.Build.0 = Debug|Any CPU
		{F4C9D04B-EC05-4A1B-9225-47F85DC707B8}.Release|Any CPU.ActiveCfg = Release|Any CPU
		{F4C9D04B-EC05-4A1B-9225-47F85DC707B8}.Release|Any CPU.Build.0 = Release|Any CPU
	EndGlobalSection
	GlobalSection(SolutionProperties) = preSolution
		HideSolutionNode = FALSE
	EndGlobalSection
	GlobalSection(ExtensibilityGlobals) = postSolution
		SolutionGuid = {0BA8743F-1B6F-4130-9A9D-EABEA9B18D45}
	EndGlobalSection
EndGlobal
